<?xml version="1.0" encoding="utf-8"?>
<Project ToolsVersion="4.0" xmlns="http://schemas.microsoft.com/developer/msbuild/2003">
  <ItemGroup>
    <Filter Include="Source Files">
      <UniqueIdentifier>{4FC737F1-C7A5-4376-A066-2A32D752A2FF}</UniqueIdentifier>
      <Extensions>cpp;c;cc;cxx;c++;def;odl;idl;hpj;bat;asm;asmx</Extensions>
    </Filter>
    <Filter Include="Header Files">
      <UniqueIdentifier>{93995380-89BD-4b04-88EB-625FBE52EBFB}</UniqueIdentifier>
      <Extensions>h;hh;hpp;hxx;h++;hm;inl;inc;ipp;xsd</Extensions>
    </Filter>
    <Filter Include="Resource Files">
      <UniqueIdentifier>{67DA6AB6-F800-4c08-8B7A-83BB121AAD01}</UniqueIdentifier>
      <Extensions>rc;ico;cur;bmp;dlg;rc2;rct;bin;rgs;gif;jpg;jpeg;jpe;resx;tiff;tif;png;wav;mfcribbon-ms</Extensions>
    </Filter>
  </ItemGroup>
  <ItemGroup>
    <ClCompile Include="Source.cpp">
      <Filter>Source Files</Filter>
    </ClCompile>
    <ClCompile Include="Parser.cpp">
      <Filter>Source Files</Filter>
    </ClCompile>
    <ClCompile Include="Expression.cpp">
      <Filter>Source Files</Filter>
    </ClCompile>
    <ClCompile Include="Memory.cpp">
      <Filter>Source Files</Filter>
    </ClCompile>
    <ClCompile Include="Regester.cpp">
      <Filter>Source Files</Filter>
    </ClCompile>
    <ClCompile Include="ReservedReg.cpp">
      <Filter>Source Files</Filter>
    </ClCompile>
    <ClCompile Include="Scope.cpp">
      <Filter>Source Files</Filter>
    </ClCompile>
    <ClCompile Include="Execution.cpp">
      <Filter>Source Files</Filter>
    </ClCompile>
    <ClCompile Include="Return.cpp">
      <Filter>Source Files</Filter>
    </ClCompile>
    <ClCompile Include="UnaryOperator.cpp">
      <Filter>Source Files</Filter>
    </ClCompile>
    <ClCompile Include="Assignment.cpp">
      <Filter>Source Files</Filter>
    </ClCompile>
    <ClCompile Include="BinaryOperator.cpp">
      <Filter>Source Files</Filter>
    </ClCompile>
    <ClCompile Include="Variable.cpp">
      <Filter>Source Files</Filter>
    </ClCompile>
    <ClCompile Include="Stack.cpp">
      <Filter>Source Files</Filter>
    </ClCompile>
    <ClCompile Include="Heap.cpp">
      <Filter>Source Files</Filter>
    </ClCompile>
    <ClCompile Include="NameAddress.cpp">
      <Filter>Source Files</Filter>
    </ClCompile>
    <ClCompile Include="VariableDeclaration.cpp">
      <Filter>Source Files</Filter>
    </ClCompile>
    <ClCompile Include="GlobalVariable.cpp">
      <Filter>Source Files</Filter>
    </ClCompile>
    <ClCompile Include="ConstantStringValue.cpp">
      <Filter>Source Files</Filter>
    </ClCompile>
    <ClCompile Include="Add.cpp">
      <Filter>Source Files</Filter>
    </ClCompile>
    <ClCompile Include="Minus.cpp">
      <Filter>Source Files</Filter>
    </ClCompile>
    <ClCompile Include="Function.cpp">
      <Filter>Source Files</Filter>
    </ClCompile>
    <ClCompile Include="FunctionDeclaration.cpp">
      <Filter>Source Files</Filter>
    </ClCompile>
    <ClCompile Include="ConstantValue.cpp">
      <Filter>Source Files</Filter>
    </ClCompile>
    <ClCompile Include="RegesterManager.cpp">
      <Filter>Source Files</Filter>
    </ClCompile>
    <ClCompile Include="If.cpp">
      <Filter>Source Files</Filter>
    </ClCompile>
    <ClCompile Include="And.cpp">
      <Filter>Source Files</Filter>
    </ClCompile>
    <ClCompile Include="BinaryOperatorBasic.cpp">
      <Filter>Source Files</Filter>
    </ClCompile>
    <ClCompile Include="CmpMemory.cpp">
      <Filter>Source Files</Filter>
    </ClCompile>
    <ClCompile Include="GreaterThan.cpp">
      <Filter>Source Files</Filter>
    </ClCompile>
    <ClCompile Include="Or.cpp">
      <Filter>Source Files</Filter>
    </ClCompile>
    <ClCompile Include="Label.cpp">
      <Filter>Source Files</Filter>
    </ClCompile>
    <ClCompile Include="ScopeLabels.cpp">
      <Filter>Source Files</Filter>
    </ClCompile>
    <ClCompile Include="BinaryComparison.cpp">
      <Filter>Source Files</Filter>
    </ClCompile>
    <ClCompile Include="While.cpp">
      <Filter>Source Files</Filter>
    </ClCompile>
    <ClCompile Include="ForLoop.cpp">
      <Filter>Source Files</Filter>
    </ClCompile>
    <ClCompile Include="IfElse.cpp">
      <Filter>Source Files</Filter>
    </ClCompile>
    <ClCompile Include="ConstantFloatValue.cpp">
      <Filter>Source Files</Filter>
    </ClCompile>
    <ClCompile Include="ScopeContent.cpp">
      <Filter>Source Files</Filter>
    </ClCompile>
    <ClCompile Include="RegexHelpers.h">
      <Filter>Header Files</Filter>
    </ClCompile>
    <ClCompile Include="Type.cpp">
      <Filter>Source Files</Filter>
    </ClCompile>
    <ClCompile Include="RegexHelpers.cpp">
      <Filter>Source Files</Filter>
    </ClCompile>
    <ClCompile Include="FloatingPoint.cpp">
      <Filter>Source Files</Filter>
    </ClCompile>
    <ClCompile Include="FloatingStackManager.cpp">
      <Filter>Source Files</Filter>
    </ClCompile>
    <ClCompile Include="FunctionType.cpp">
      <Filter>Source Files</Filter>
    </ClCompile>
    <ClCompile Include="ArithmaticBinary.cpp">
      <Filter>Source Files</Filter>
    </ClCompile>
    <ClCompile Include="ArithmaticUnary.cpp">
      <Filter>Source Files</Filter>
    </ClCompile>
    <ClCompile Include="Increment.cpp">
      <Filter>Source Files</Filter>
    </ClCompile>
    <ClCompile Include="StructType.cpp">
      <Filter>Source Files</Filter>
    </ClCompile>
    <ClCompile Include="Dereference.cpp">
      <Filter>Source Files</Filter>
    </ClCompile>
  </ItemGroup>
  <ItemGroup>
    <None Include="test.asm">
      <Filter>Source Files</Filter>
    </None>
    <None Include="old.asm">
      <Filter>Source Files</Filter>
    </None>
  </ItemGroup>
  <ItemGroup>
    <ClInclude Include="Parser.h">
      <Filter>Header Files</Filter>
    </ClInclude>
    <ClInclude Include="Expression.h">
      <Filter>Header Files</Filter>
    </ClInclude>
    <ClInclude Include="Memory.h">
      <Filter>Header Files</Filter>
    </ClInclude>
    <ClInclude Include="ExpressionEnum.h">
      <Filter>Header Files</Filter>
    </ClInclude>
    <ClInclude Include="MemoryType.h">
      <Filter>Header Files</Filter>
    </ClInclude>
    <ClInclude Include="Regester.h">
      <Filter>Header Files</Filter>
    </ClInclude>
    <ClInclude Include="ReservedReg.h">
      <Filter>Header Files</Filter>
    </ClInclude>
    <ClInclude Include="Scope.h">
      <Filter>Header Files</Filter>
    </ClInclude>
    <ClInclude Include="Execution.h">
      <Filter>Header Files</Filter>
    </ClInclude>
    <ClInclude Include="Return.h">
      <Filter>Header Files</Filter>
    </ClInclude>
    <ClInclude Include="UnaryOperator.h">
      <Filter>Header Files</Filter>
    </ClInclude>
    <ClInclude Include="Assignment.h">
      <Filter>Header Files</Filter>
    </ClInclude>
    <ClInclude Include="BinaryOperator.h">
      <Filter>Header Files</Filter>
    </ClInclude>
    <ClInclude Include="Variable.h">
      <Filter>Header Files</Filter>
    </ClInclude>
    <ClInclude Include="PrimitiveTypes.h">
      <Filter>Header Files</Filter>
    </ClInclude>
    <ClInclude Include="Stack.h">
      <Filter>Header Files</Filter>
    </ClInclude>
    <ClInclude Include="Heap.h">
      <Filter>Header Files</Filter>
    </ClInclude>
    <ClInclude Include="NameAddress.h">
      <Filter>Header Files</Filter>
    </ClInclude>
    <ClInclude Include="VariableDeclaration.h">
      <Filter>Header Files</Filter>
    </ClInclude>
    <ClInclude Include="GlobalVariable.h">
      <Filter>Header Files</Filter>
    </ClInclude>
    <ClInclude Include="ConstantStringValue.h">
      <Filter>Header Files</Filter>
    </ClInclude>
    <ClInclude Include="Add.h">
      <Filter>Header Files</Filter>
    </ClInclude>
    <ClInclude Include="Minus.h">
      <Filter>Header Files</Filter>
    </ClInclude>
    <ClInclude Include="Function.h">
      <Filter>Header Files</Filter>
    </ClInclude>
    <ClInclude Include="FunctionDeclaration.h">
      <Filter>Header Files</Filter>
    </ClInclude>
    <ClInclude Include="resource.h">
      <Filter>Header Files</Filter>
    </ClInclude>
    <ClInclude Include="ConstantValue.h">
      <Filter>Header Files</Filter>
    </ClInclude>
    <ClInclude Include="RegesterManager.h">
      <Filter>Header Files</Filter>
    </ClInclude>
    <ClInclude Include="If.h">
      <Filter>Header Files</Filter>
    </ClInclude>
    <ClInclude Include="And.h">
      <Filter>Header Files</Filter>
    </ClInclude>
    <ClInclude Include="BinaryOperatorBasic.h">
      <Filter>Header Files</Filter>
    </ClInclude>
    <ClInclude Include="CmpMemory.h">
      <Filter>Header Files</Filter>
    </ClInclude>
    <ClInclude Include="GreaterThan.h">
      <Filter>Header Files</Filter>
    </ClInclude>
    <ClInclude Include="Or.h">
      <Filter>Header Files</Filter>
    </ClInclude>
    <ClInclude Include="Label.h">
      <Filter>Header Files</Filter>
    </ClInclude>
    <ClInclude Include="ScopeLabels.h">
      <Filter>Header Files</Filter>
    </ClInclude>
    <ClInclude Include="BinaryComparison.h">
      <Filter>Header Files</Filter>
    </ClInclude>
    <ClInclude Include="While.h">
      <Filter>Header Files</Filter>
    </ClInclude>
    <ClInclude Include="ForLoop.h">
      <Filter>Header Files</Filter>
    </ClInclude>
    <ClInclude Include="IfElse.h">
      <Filter>Header Files</Filter>
    </ClInclude>
    <ClInclude Include="ConstantFloatValue.h">
      <Filter>Header Files</Filter>
    </ClInclude>
    <ClInclude Include="ScopeContent.h">
      <Filter>Header Files</Filter>
    </ClInclude>
    <ClInclude Include="Type.h">
      <Filter>Header Files</Filter>
    </ClInclude>
    <ClInclude Include="FloatingPoint.h">
      <Filter>Header Files</Filter>
    </ClInclude>
    <ClInclude Include="FloatingStackManager.h">
      <Filter>Header Files</Filter>
    </ClInclude>
    <ClInclude Include="FunctionType.h">
      <Filter>Header Files</Filter>
    </ClInclude>
    <ClInclude Include="ArithmaticBinary.h">
      <Filter>Header Files</Filter>
    </ClInclude>
    <ClInclude Include="ArithmaticUnary.h">
      <Filter>Header Files</Filter>
    </ClInclude>
    <ClInclude Include="Increment.h">
      <Filter>Header Files</Filter>
    </ClInclude>
    <ClInclude Include="StructType.h">
      <Filter>Header Files</Filter>
    </ClInclude>
    <ClInclude Include="Dereference.h">
      <Filter>Header Files</Filter>
    </ClInclude>
  </ItemGroup>
  <ItemGroup>
    <ResourceCompile Include="Compiler.rc">
      <Filter>Resource Files</Filter>
    </ResourceCompile>
  </ItemGroup>
</Project>